
Microsoft Visual Studio Solution File, Format Version 12.00
# Visual Studio 15
VisualStudioVersion = 15.0.28307.329
MinimumVisualStudioVersion = 10.0.40219.1
Project("{FAE04EC0-301F-11D3-BF4B-00C04F79EFBC}") = "ConsoleXunitWorkshop", "ConsoleXunitWorkshop\ConsoleXunitWorkshop.csproj", "{107B1700-6BE4-4228-B0FA-BFC3B64F3193}"
EndProject
Project("{FAE04EC0-301F-11D3-BF4B-00C04F79EFBC}") = "XUnitTestWorkshop", "XUnitTestWorkshop\XUnitTestWorkshop.csproj", "{EB6850AA-12F2-4B1A-8816-2A0AA58D06AD}"
EndProject
Global
	GlobalSection(SolutionConfigurationPlatforms) = preSolution
		Debug|Any CPU = Debug|Any CPU
		Release|Any CPU = Release|Any CPU
	EndGlobalSection
	GlobalSection(ProjectConfigurationPlatforms) = postSolution
		{107B1700-6BE4-4228-B0FA-BFC3B64F3193}.Debug|Any CPU.ActiveCfg = Debug|Any CPU
		{107B1700-6BE4-4228-B0FA-BFC3B64F3193}.Debug|Any CPU.Build.0 = Debug|Any CPU
		{107B1700-6BE4-4228-B0FA-BFC3B64F3193}.Release|Any CPU.ActiveCfg = Release|Any CPU
		{107B1700-6BE4-4228-B0FA-BFC3B64F3193}.Release|Any CPU.Build.0 = Release|Any CPU
		{EB6850AA-12F2-4B1A-8816-2A0AA58D06AD}.Debug|Any CPU.ActiveCfg = Debug|Any CPU
		{EB6850AA-12F2-4B1A-8816-2A0AA58D06AD}.Debug|Any CPU.Build.0 = Debug|Any CPU
		{EB6850AA-12F2-4B1A-8816-2A0AA58D06AD}.Release|Any CPU.ActiveCfg = Release|Any CPU
		{EB6850AA-12F2-4B1A-8816-2A0AA58D06AD}.Release|Any CPU.Build.0 = Release|Any CPU
	EndGlobalSection
	GlobalSection(SolutionProperties) = preSolution
		HideSolutionNode = FALSE
	EndGlobalSection
	GlobalSection(ExtensibilityGlobals) = postSolution
		SolutionGuid = {A6CECF76-855B-475B-BB78-340942EBB08C}
	EndGlobalSection
EndGlobal
